// !$*UTF8*$!
{
	archiveVersion = 1;
	classes = {
	};
	objectVersion = 50;
	objects = {

/* Begin PBXBuildFile section */
		1833FF4C25875D2C00874CEC /* AppDelegate.swift in Sources */ = {isa = PBXBuildFile; fileRef = 1833FF4B25875D2C00874CEC /* AppDelegate.swift */; };
		1833FF4E25875D2C00874CEC /* SceneDelegate.swift in Sources */ = {isa = PBXBuildFile; fileRef = 1833FF4D25875D2C00874CEC /* SceneDelegate.swift */; };
		1833FF5025875D2C00874CEC /* ViewController.swift in Sources */ = {isa = PBXBuildFile; fileRef = 1833FF4F25875D2C00874CEC /* ViewController.swift */; };
		1833FF5325875D2C00874CEC /* Main.storyboard in Resources */ = {isa = PBXBuildFile; fileRef = 1833FF5125875D2C00874CEC /* Main.storyboard */; };
		1833FF5625875D2C00874CEC /* ExcerciseTracker.xcdatamodeld in Sources */ = {isa = PBXBuildFile; fileRef = 1833FF5425875D2C00874CEC /* ExcerciseTracker.xcdatamodeld */; };
		1833FF5825875D2F00874CEC /* Assets.xcassets in Resources */ = {isa = PBXBuildFile; fileRef = 1833FF5725875D2F00874CEC /* Assets.xcassets */; };
		1833FF5B25875D2F00874CEC /* LaunchScreen.storyboard in Resources */ = {isa = PBXBuildFile; fileRef = 1833FF5925875D2F00874CEC /* LaunchScreen.storyboard */; };
		1833FF6825876F9B00874CEC /* ExcerciseModel 1.mlmodel in Sources */ = {isa = PBXBuildFile; fileRef = 1833FF6725876F9B00874CEC /* ExcerciseModel 1.mlmodel */; };
		1833FF6B258784AA00874CEC /* Prediction + Poses.swift in Sources */ = {isa = PBXBuildFile; fileRef = 1833FF6A258784AA00874CEC /* Prediction + Poses.swift */; };
		1896034C2591B88A009632E1 /* Common.swift in Sources */ = {isa = PBXBuildFile; fileRef = 1896034B2591B88A009632E1 /* Common.swift */; };
		189603572591B917009632E1 /* DashboardView.swift in Sources */ = {isa = PBXBuildFile; fileRef = 1896034F2591B917009632E1 /* DashboardView.swift */; };
		189603582591B917009632E1 /* VideoOutputViews.swift in Sources */ = {isa = PBXBuildFile; fileRef = 189603502591B917009632E1 /* VideoOutputViews.swift */; };
		189603592591B917009632E1 /* ProgressView.swift in Sources */ = {isa = PBXBuildFile; fileRef = 189603512591B917009632E1 /* ProgressView.swift */; };
		1896035A2591B917009632E1 /* JointSegmentView.swift in Sources */ = {isa = PBXBuildFile; fileRef = 189603522591B917009632E1 /* JointSegmentView.swift */; };
		1896035B2591B917009632E1 /* TrajectoryView.swift in Sources */ = {isa = PBXBuildFile; fileRef = 189603532591B917009632E1 /* TrajectoryView.swift */; };
		1896035C2591B917009632E1 /* AnimatedTransitioning.swift in Sources */ = {isa = PBXBuildFile; fileRef = 189603542591B917009632E1 /* AnimatedTransitioning.swift */; };
		1896035D2591B917009632E1 /* OverlayLabel.swift in Sources */ = {isa = PBXBuildFile; fileRef = 189603552591B917009632E1 /* OverlayLabel.swift */; };
		1896035E2591B917009632E1 /* BoundingBoxView.swift in Sources */ = {isa = PBXBuildFile; fileRef = 189603562591B917009632E1 /* BoundingBoxView.swift */; };
/* End PBXBuildFile section */

/* Begin PBXFileReference section */
		1833FF4825875D2C00874CEC /* ExcerciseTracker.app */ = {isa = PBXFileReference; explicitFileType = wrapper.application; includeInIndex = 0; path = ExcerciseTracker.app; sourceTree = BUILT_PRODUCTS_DIR; };
		1833FF4B25875D2C00874CEC /* AppDelegate.swift */ = {isa = PBXFileReference; lastKnownFileType = sourcecode.swift; path = AppDelegate.swift; sourceTree = "<group>"; };
		1833FF4D25875D2C00874CEC /* SceneDelegate.swift */ = {isa = PBXFileReference; lastKnownFileType = sourcecode.swift; path = SceneDelegate.swift; sourceTree = "<group>"; };
		1833FF4F25875D2C00874CEC /* ViewController.swift */ = {isa = PBXFileReference; lastKnownFileType = sourcecode.swift; path = ViewController.swift; sourceTree = "<group>"; };
		1833FF5225875D2C00874CEC /* Base */ = {isa = PBXFileReference; lastKnownFileType = file.storyboard; name = Base; path = Base.lproj/Main.storyboard; sourceTree = "<group>"; };
		1833FF5525875D2C00874CEC /* ExcerciseTracker.xcdatamodel */ = {isa = PBXFileReference; lastKnownFileType = wrapper.xcdatamodel; path = ExcerciseTracker.xcdatamodel; sourceTree = "<group>"; };
		1833FF5725875D2F00874CEC /* Assets.xcassets */ = {isa = PBXFileReference; lastKnownFileType = folder.assetcatalog; path = Assets.xcassets; sourceTree = "<group>"; };
		1833FF5A25875D2F00874CEC /* Base */ = {isa = PBXFileReference; lastKnownFileType = file.storyboard; name = Base; path = Base.lproj/LaunchScreen.storyboard; sourceTree = "<group>"; };
		1833FF5C25875D2F00874CEC /* Info.plist */ = {isa = PBXFileReference; lastKnownFileType = text.plist.xml; path = Info.plist; sourceTree = "<group>"; };
		1833FF6725876F9B00874CEC /* ExcerciseModel 1.mlmodel */ = {isa = PBXFileReference; lastKnownFileType = file.mlmodel; path = "ExcerciseModel 1.mlmodel"; sourceTree = "<group>"; };
		1833FF6A258784AA00874CEC /* Prediction + Poses.swift */ = {isa = PBXFileReference; lastKnownFileType = sourcecode.swift; path = "Prediction + Poses.swift"; sourceTree = "<group>"; };
		1896034B2591B88A009632E1 /* Common.swift */ = {isa = PBXFileReference; fileEncoding = 4; lastKnownFileType = sourcecode.swift; path = Common.swift; sourceTree = "<group>"; };
		1896034F2591B917009632E1 /* DashboardView.swift */ = {isa = PBXFileReference; fileEncoding = 4; lastKnownFileType = sourcecode.swift; path = DashboardView.swift; sourceTree = "<group>"; };
		189603502591B917009632E1 /* VideoOutputViews.swift */ = {isa = PBXFileReference; fileEncoding = 4; lastKnownFileType = sourcecode.swift; path = VideoOutputViews.swift; sourceTree = "<group>"; };
		189603512591B917009632E1 /* ProgressView.swift */ = {isa = PBXFileReference; fileEncoding = 4; lastKnownFileType = sourcecode.swift; path = ProgressView.swift; sourceTree = "<group>"; };
		189603522591B917009632E1 /* JointSegmentView.swift */ = {isa = PBXFileReference; fileEncoding = 4; lastKnownFileType = sourcecode.swift; path = JointSegmentView.swift; sourceTree = "<group>"; };
		189603532591B917009632E1 /* TrajectoryView.swift */ = {isa = PBXFileReference; fileEncoding = 4; lastKnownFileType = sourcecode.swift; path = TrajectoryView.swift; sourceTree = "<group>"; };
		189603542591B917009632E1 /* AnimatedTransitioning.swift */ = {isa = PBXFileReference; fileEncoding = 4; lastKnownFileType = sourcecode.swift; path = AnimatedTransitioning.swift; sourceTree = "<group>"; };
		189603552591B917009632E1 /* OverlayLabel.swift */ = {isa = PBXFileReference; fileEncoding = 4; lastKnownFileType = sourcecode.swift; path = OverlayLabel.swift; sourceTree = "<group>"; };
		189603562591B917009632E1 /* BoundingBoxView.swift */ = {isa = PBXFileReference; fileEncoding = 4; lastKnownFileType = sourcecode.swift; path = BoundingBoxView.swift; sourceTree = "<group>"; };
/* End PBXFileReference section */

/* Begin PBXFrameworksBuildPhase section */
		1833FF4525875D2C00874CEC /* Frameworks */ = {
			isa = PBXFrameworksBuildPhase;
			buildActionMask = 2147483647;
			files = (
			);
			runOnlyForDeploymentPostprocessing = 0;
		};
/* End PBXFrameworksBuildPhase section */

/* Begin PBXGroup section */
		1833FF3F25875D2C00874CEC = {
			isa = PBXGroup;
			children = (
				1833FF4A25875D2C00874CEC /* ExcerciseTracker */,
				1833FF4925875D2C00874CEC /* Products */,
			);
			sourceTree = "<group>";
		};
		1833FF4925875D2C00874CEC /* Products */ = {
			isa = PBXGroup;
			children = (
				1833FF4825875D2C00874CEC /* ExcerciseTracker.app */,
			);
			name = Products;
			sourceTree = "<group>";
		};
		1833FF4A25875D2C00874CEC /* ExcerciseTracker */ = {
			isa = PBXGroup;
			children = (
				1833FF4B25875D2C00874CEC /* AppDelegate.swift */,
				1833FF4D25875D2C00874CEC /* SceneDelegate.swift */,
				1833FF4F25875D2C00874CEC /* ViewController.swift */,
				1896034B2591B88A009632E1 /* Common.swift */,
				1833FF6725876F9B00874CEC /* ExcerciseModel 1.mlmodel */,
				1833FF5125875D2C00874CEC /* Main.storyboard */,
				1833FF5725875D2F00874CEC /* Assets.xcassets */,
				1833FF5925875D2F00874CEC /* LaunchScreen.storyboard */,
				1833FF5C25875D2F00874CEC /* Info.plist */,
				1833FF5425875D2C00874CEC /* ExcerciseTracker.xcdatamodeld */,
				1833FF6A258784AA00874CEC /* Prediction + Poses.swift */,
				1896034E2591B917009632E1 /* Views */,
			);
			path = ExcerciseTracker;
			sourceTree = "<group>";
		};
		1896034E2591B917009632E1 /* Views */ = {
			isa = PBXGroup;
			children = (
				1896034F2591B917009632E1 /* DashboardView.swift */,
				189603502591B917009632E1 /* VideoOutputViews.swift */,
				189603512591B917009632E1 /* ProgressView.swift */,
				189603522591B917009632E1 /* JointSegmentView.swift */,
				189603532591B917009632E1 /* TrajectoryView.swift */,
				189603542591B917009632E1 /* AnimatedTransitioning.swift */,
				189603552591B917009632E1 /* OverlayLabel.swift */,
				189603562591B917009632E1 /* BoundingBoxView.swift */,
			);
			path = Views;
			sourceTree = "<group>";
		};
/* End PBXGroup section */

/* Begin PBXNativeTarget section */
		1833FF4725875D2C00874CEC /* ExcerciseTracker */ = {
			isa = PBXNativeTarget;
			buildConfigurationList = 1833FF5F25875D2F00874CEC /* Build configuration list for PBXNativeTarget "ExcerciseTracker" */;
			buildPhases = (
				1833FF4425875D2C00874CEC /* Sources */,
				1833FF4525875D2C00874CEC /* Frameworks */,
				1833FF4625875D2C00874CEC /* Resources */,
			);
			buildRules = (
			);
			dependencies = (
			);
			name = ExcerciseTracker;
			productName = ExcerciseTracker;
			productReference = 1833FF4825875D2C00874CEC /* ExcerciseTracker.app */;
			productType = "com.apple.product-type.application";
		};
/* End PBXNativeTarget section */

/* Begin PBXProject section */
		1833FF4025875D2C00874CEC /* Project object */ = {
			isa = PBXProject;
			attributes = {
				LastSwiftUpdateCheck = 1220;
				LastUpgradeCheck = 1220;
				TargetAttributes = {
					1833FF4725875D2C00874CEC = {
						CreatedOnToolsVersion = 12.2;
					};
				};
			};
			buildConfigurationList = 1833FF4325875D2C00874CEC /* Build configuration list for PBXProject "ExcerciseTracker" */;
			compatibilityVersion = "Xcode 9.3";
			developmentRegion = en;
			hasScannedForEncodings = 0;
			knownRegions = (
				en,
				Base,
			);
			mainGroup = 1833FF3F25875D2C00874CEC;
			productRefGroup = 1833FF4925875D2C00874CEC /* Products */;
			projectDirPath = "";
			projectRoot = "";
			targets = (
				1833FF4725875D2C00874CEC /* ExcerciseTracker */,
			);
		};
/* End PBXProject section */

/* Begin PBXResourcesBuildPhase section */
		1833FF4625875D2C00874CEC /* Resources */ = {
			isa = PBXResourcesBuildPhase;
			buildActionMask = 2147483647;
			files = (
				1833FF5B25875D2F00874CEC /* LaunchScreen.storyboard in Resources */,
				1833FF5825875D2F00874CEC /* Assets.xcassets in Resources */,
				1833FF5325875D2C00874CEC /* Main.storyboard in Resources */,
			);
			runOnlyForDeploymentPostprocessing = 0;
		};
/* End PBXResourcesBuildPhase section */

/* Begin PBXSourcesBuildPhase section */
		1833FF4425875D2C00874CEC /* Sources */ = {
			isa = PBXSourcesBuildPhase;
			buildActionMask = 2147483647;
			files = (
				1833FF5625875D2C00874CEC /* ExcerciseTracker.xcdatamodeld in Sources */,
				1896035B2591B917009632E1 /* TrajectoryView.swift in Sources */,
				1896035E2591B917009632E1 /* BoundingBoxView.swift in Sources */,
				1896035A2591B917009632E1 /* JointSegmentView.swift in Sources */,
				189603582591B917009632E1 /* VideoOutputViews.swift in Sources */,
				1896035C2591B917009632E1 /* AnimatedTransitioning.swift in Sources */,
				189603572591B917009632E1 /* DashboardView.swift in Sources */,
				1833FF5025875D2C00874CEC /* ViewController.swift in Sources */,
				1833FF6825876F9B00874CEC /* ExcerciseModel 1.mlmodel in Sources */,
				1833FF4C25875D2C00874CEC /* AppDelegate.swift in Sources */,
				1833FF4E25875D2C00874CEC /* SceneDelegate.swift in Sources */,
				189603592591B917009632E1 /* ProgressView.swift in Sources */,
				1896035D2591B917009632E1 /* OverlayLabel.swift in Sources */,
				1833FF6B258784AA00874CEC /* Prediction + Poses.swift in Sources */,
				1896034C2591B88A009632E1 /* Common.swift in Sources */,
			);
			runOnlyForDeploymentPostprocessing = 0;
		};
/* End PBXSourcesBuildPhase section */

/* Begin PBXVariantGroup section */
		1833FF5125875D2C00874CEC /* Main.storyboard */ = {
			isa = PBXVariantGroup;
			children = (
				1833FF5225875D2C00874CEC /* Base */,
			);
			name = Main.storyboard;
			sourceTree = "<group>";
		};
		1833FF5925875D2F00874CEC /* LaunchScreen.storyboard */ = {
			isa = PBXVariantGroup;
			children = (
				1833FF5A25875D2F00874CEC /* Base */,
			);
			name = LaunchScreen.storyboard;
			sourceTree = "<group>";
		};
/* End PBXVariantGroup section */

/* Begin XCBuildConfiguration section */
		1833FF5D25875D2F00874CEC /* Debug */ = {
			isa = XCBuildConfiguration;
			buildSettings = {
				ALWAYS_SEARCH_USER_PATHS = NO;
				CLANG_ANALYZER_NONNULL = YES;
				CLANG_ANALYZER_NUMBER_OBJECT_CONVERSION = YES_AGGRESSIVE;
				CLANG_CXX_LANGUAGE_STANDARD = "gnu++14";
				CLANG_CXX_LIBRARY = "libc++";
				CLANG_ENABLE_MODULES = YES;
				CLANG_ENABLE_OBJC_ARC = YES;
				CLANG_ENABLE_OBJC_WEAK = YES;
				CLANG_WARN_BLOCK_CAPTURE_AUTORELEASING = YES;
				CLANG_WARN_BOOL_CONVERSION = YES;
				CLANG_WARN_COMMA = YES;
				CLANG_WARN_CONSTANT_CONVERSION = YES;
				CLANG_WARN_DEPRECATED_OBJC_IMPLEMENTATIONS = YES;
				CLANG_WARN_DIRECT_OBJC_ISA_USAGE = YES_ERROR;
				CLANG_WARN_DOCUMENTATION_COMMENTS = YES;
				CLANG_WARN_EMPTY_BODY = YES;
				CLANG_WARN_ENUM_CONVERSION = YES;
				CLANG_WARN_INFINITE_RECURSION = YES;
				CLANG_WARN_INT_CONVERSION = YES;
				CLANG_WARN_NON_LITERAL_NULL_CONVERSION = YES;
				CLANG_WARN_OBJC_IMPLICIT_RETAIN_SELF = YES;
				CLANG_WARN_OBJC_LITERAL_CONVERSION = YES;
				CLANG_WARN_OBJC_ROOT_CLASS = YES_ERROR;
				CLANG_WARN_QUOTED_INCLUDE_IN_FRAMEWORK_HEADER = YES;
				CLANG_WARN_RANGE_LOOP_ANALYSIS = YES;
				CLANG_WARN_STRICT_PROTOTYPES = YES;
				CLANG_WARN_SUSPICIOUS_MOVE = YES;
				CLANG_WARN_UNGUARDED_AVAILABILITY = YES_AGGRESSIVE;
				CLANG_WARN_UNREACHABLE_CODE = YES;
				CLANG_WARN__DUPLICATE_METHOD_MATCH = YES;
				COPY_PHASE_STRIP = NO;
				DEBUG_INFORMATION_FORMAT = dwarf;
				ENABLE_STRICT_OBJC_MSGSEND = YES;
				ENABLE_TESTABILITY = YES;
				GCC_C_LANGUAGE_STANDARD = gnu11;
				GCC_DYNAMIC_NO_PIC = NO;
				GCC_NO_COMMON_BLOCKS = YES;
				GCC_OPTIMIZATION_LEVEL = 0;
				GCC_PREPROCESSOR_DEFINITIONS = (
					"DEBUG=1",
					"$(inherited)",
				);
				GCC_WARN_64_TO_32_BIT_CONVERSION = YES;
				GCC_WARN_ABOUT_RETURN_TYPE = YES_ERROR;
				GCC_WARN_UNDECLARED_SELECTOR = YES;
				GCC_WARN_UNINITIALIZED_AUTOS = YES_AGGRESSIVE;
				GCC_WARN_UNUSED_FUNCTION = YES;
				GCC_WARN_UNUSED_VARIABLE = YES;
				IPHONEOS_DEPLOYMENT_TARGET = 14.2;
				MTL_ENABLE_DEBUG_INFO = INCLUDE_SOURCE;
				MTL_FAST_MATH = YES;
				ONLY_ACTIVE_ARCH = YES;
				SDKROOT = iphoneos;
				SWIFT_ACTIVE_COMPILATION_CONDITIONS = DEBUG;
				SWIFT_OPTIMIZATION_LEVEL = "-Onone";
			};
			name = Debug;
		};
		1833FF5E25875D2F00874CEC /* Release */ = {
			isa = XCBuildConfiguration;
			buildSettings = {
				ALWAYS_SEARCH_USER_PATHS = NO;
				CLANG_ANALYZER_NONNULL = YES;
				CLANG_ANALYZER_NUMBER_OBJECT_CONVERSION = YES_AGGRESSIVE;
				CLANG_CXX_LANGUAGE_STANDARD = "gnu++14";
				CLANG_CXX_LIBRARY = "libc++";
				CLANG_ENABLE_MODULES = YES;
				CLANG_ENABLE_OBJC_ARC = YES;
				CLANG_ENABLE_OBJC_WEAK = YES;
				CLANG_WARN_BLOCK_CAPTURE_AUTORELEASING = YES;
				CLANG_WARN_BOOL_CONVERSION = YES;
				CLANG_WARN_COMMA = YES;
				CLANG_WARN_CONSTANT_CONVERSION = YES;
				CLANG_WARN_DEPRECATED_OBJC_IMPLEMENTATIONS = YES;
				CLANG_WARN_DIRECT_OBJC_ISA_USAGE = YES_ERROR;
				CLANG_WARN_DOCUMENTATION_COMMENTS = YES;
				CLANG_WARN_EMPTY_BODY = YES;
				CLANG_WARN_ENUM_CONVERSION = YES;
				CLANG_WARN_INFINITE_RECURSION = YES;
				CLANG_WARN_INT_CONVERSION = YES;
				CLANG_WARN_NON_LITERAL_NULL_CONVERSION = YES;
				CLANG_WARN_OBJC_IMPLICIT_RETAIN_SELF = YES;
				CLANG_WARN_OBJC_LITERAL_CONVERSION = YES;
				CLANG_WARN_OBJC_ROOT_CLASS = YES_ERROR;
				CLANG_WARN_QUOTED_INCLUDE_IN_FRAMEWORK_HEADER = YES;
				CLANG_WARN_RANGE_LOOP_ANALYSIS = YES;
				CLANG_WARN_STRICT_PROTOTYPES = YES;
				CLANG_WARN_SUSPICIOUS_MOVE = YES;
				CLANG_WARN_UNGUARDED_AVAILABILITY = YES_AGGRESSIVE;
				CLANG_WARN_UNREACHABLE_CODE = YES;
				CLANG_WARN__DUPLICATE_METHOD_MATCH = YES;
				COPY_PHASE_STRIP = NO;
				DEBUG_INFORMATION_FORMAT = "dwarf-with-dsym";
				ENABLE_NS_ASSERTIONS = NO;
				ENABLE_STRICT_OBJC_MSGSEND = YES;
				GCC_C_LANGUAGE_STANDARD = gnu11;
				GCC_NO_COMMON_BLOCKS = YES;
				GCC_WARN_64_TO_32_BIT_CONVERSION = YES;
				GCC_WARN_ABOUT_RETURN_TYPE = YES_ERROR;
				GCC_WARN_UNDECLARED_SELECTOR = YES;
				GCC_WARN_UNINITIALIZED_AUTOS = YES_AGGRESSIVE;
				GCC_WARN_UNUSED_FUNCTION = YES;
				GCC_WARN_UNUSED_VARIABLE = YES;
				IPHONEOS_DEPLOYMENT_TARGET = 14.2;
				MTL_ENABLE_DEBUG_INFO = NO;
				MTL_FAST_MATH = YES;
				SDKROOT = iphoneos;
				SWIFT_COMPILATION_MODE = wholemodule;
				SWIFT_OPTIMIZATION_LEVEL = "-O";
				VALIDATE_PRODUCT = YES;
			};
			name = Release;
		};
		1833FF6025875D2F00874CEC /* Debug */ = {
			isa = XCBuildConfiguration;
			buildSettings = {
				ASSETCATALOG_COMPILER_APPICON_NAME = AppIcon;
				ASSETCATALOG_COMPILER_GLOBAL_ACCENT_COLOR_NAME = AccentColor;
				CODE_SIGN_STYLE = Automatic;
				DEVELOPMENT_TEAM = 9MYTP3CKZY;
				INFOPLIST_FILE = ExcerciseTracker/Info.plist;
				IPHONEOS_DEPLOYMENT_TARGET = 14.0;
				LD_RUNPATH_SEARCH_PATHS = (
					"$(inherited)",
					"@executable_path/Frameworks",
				);
				PRODUCT_BUNDLE_IDENTIFIER = com.reactivespace.ExcerciseTracker;
				PRODUCT_NAME = "$(TARGET_NAME)";
				SWIFT_VERSION = 5.0;
				TARGETED_DEVICE_FAMILY = "1,2";
			};
			name = Debug;
		};
		1833FF6125875D2F00874CEC /* Release */ = {
			isa = XCBuildConfiguration;
			buildSettings = {
				ASSETCATALOG_COMPILER_APPICON_NAME = AppIcon;
				ASSETCATALOG_COMPILER_GLOBAL_ACCENT_COLOR_NAME = AccentColor;
				CODE_SIGN_STYLE = Automatic;
				DEVELOPMENT_TEAM = 9MYTP3CKZY;
				INFOPLIST_FILE = ExcerciseTracker/Info.plist;
				IPHONEOS_DEPLOYMENT_TARGET = 14.0;
				LD_RUNPATH_SEARCH_PATHS = (
					"$(inherited)",
					"@executable_path/Frameworks",
				);
				PRODUCT_BUNDLE_IDENTIFIER = com.reactivespace.ExcerciseTracker;
				PRODUCT_NAME = "$(TARGET_NAME)";
				SWIFT_VERSION = 5.0;
				TARGETED_DEVICE_FAMILY = "1,2";
			};
			name = Release;
		};
/* End XCBuildConfiguration section */

/* Begin XCConfigurationList section */
		1833FF4325875D2C00874CEC /* Build configuration list for PBXProject "ExcerciseTracker" */ = {
			isa = XCConfigurationList;
			buildConfigurations = (
				1833FF5D25875D2F00874CEC /* Debug */,
				1833FF5E25875D2F00874CEC /* Release */,
			);
			defaultConfigurationIsVisible = 0;
			defaultConfigurationName = Release;
		};
		1833FF5F25875D2F00874CEC /* Build configuration list for PBXNativeTarget "ExcerciseTracker" */ = {
			isa = XCConfigurationList;
			buildConfigurations = (
				1833FF6025875D2F00874CEC /* Debug */,
				1833FF6125875D2F00874CEC /* Release */,
			);
			defaultConfigurationIsVisible = 0;
			defaultConfigurationName = Release;
		};
/* End XCConfigurationList section */

/* Begin XCVersionGroup section */
		1833FF5425875D2C00874CEC /* ExcerciseTracker.xcdatamodeld */ = {
			isa = XCVersionGroup;
			children = (
				1833FF5525875D2C00874CEC /* ExcerciseTracker.xcdatamodel */,
			);
			currentVersion = 1833FF5525875D2C00874CEC /* ExcerciseTracker.xcdatamodel */;
			path = ExcerciseTracker.xcdatamodeld;
			sourceTree = "<group>";
			versionGroupType = wrapper.xcdatamodel;
		};
/* End XCVersionGroup section */
	};
	rootObject = 1833FF4025875D2C00874CEC /* Project object */;
}
